
Microsoft Visual Studio Solution File, Format Version 12.00
# Visual Studio 15
VisualStudioVersion = 15.0.27004.2002
MinimumVisualStudioVersion = 10.0.40219.1
Project("{FAE04EC0-301F-11D3-BF4B-00C04F79EFBC}") = "FeiniuBus.AspNetCore.Buffering", "src\FeiniuBus.AspNetCore.Buffering\FeiniuBus.AspNetCore.Buffering.csproj", "{9BF3785E-D182-4684-BE94-4015C50E7508}"
EndProject
Project("{FAE04EC0-301F-11D3-BF4B-00C04F79EFBC}") = "FeiniuBus.AspNetCore.Json", "src\FeiniuBus.AspNetCore.Json\FeiniuBus.AspNetCore.Json.csproj", "{69651A92-06D2-4EDC-B715-6AC9C7D12D1C}"
EndProject
Project("{FAE04EC0-301F-11D3-BF4B-00C04F79EFBC}") = "FeiniuBus.AspNetCore.Mvc.DataAnnotations", "src\FeiniuBus.AspNetCore.Mvc.DataAnnotations\FeiniuBus.AspNetCore.Mvc.DataAnnotations.csproj", "{C0B6AFBC-6AF8-47F0-8410-0B2FD8537FDA}"
EndProject
Project("{FAE04EC0-301F-11D3-BF4B-00C04F79EFBC}") = "FeiniuBus.AspNetCore.NLog", "src\FeiniuBus.AspNetCore.NLog\FeiniuBus.AspNetCore.NLog.csproj", "{82599C32-4779-4B8C-A984-7418E9DC092E}"
EndProject
Project("{FAE04EC0-301F-11D3-BF4B-00C04F79EFBC}") = "FeiniuBus.AspNetCore.Logging", "src\FeiniuBus.AspNetCore.Logging\FeiniuBus.AspNetCore.Logging.csproj", "{67986325-C418-43E8-A4A0-3C588A478C58}"
EndProject
Global
	GlobalSection(SolutionConfigurationPlatforms) = preSolution
		Debug|Any CPU = Debug|Any CPU
		Release|Any CPU = Release|Any CPU
	EndGlobalSection
	GlobalSection(ProjectConfigurationPlatforms) = postSolution
		{9BF3785E-D182-4684-BE94-4015C50E7508}.Debug|Any CPU.ActiveCfg = Debug|Any CPU
		{9BF3785E-D182-4684-BE94-4015C50E7508}.Debug|Any CPU.Build.0 = Debug|Any CPU
		{9BF3785E-D182-4684-BE94-4015C50E7508}.Release|Any CPU.ActiveCfg = Release|Any CPU
		{9BF3785E-D182-4684-BE94-4015C50E7508}.Release|Any CPU.Build.0 = Release|Any CPU
		{69651A92-06D2-4EDC-B715-6AC9C7D12D1C}.Debug|Any CPU.ActiveCfg = Debug|Any CPU
		{69651A92-06D2-4EDC-B715-6AC9C7D12D1C}.Debug|Any CPU.Build.0 = Debug|Any CPU
		{69651A92-06D2-4EDC-B715-6AC9C7D12D1C}.Release|Any CPU.ActiveCfg = Release|Any CPU
		{69651A92-06D2-4EDC-B715-6AC9C7D12D1C}.Release|Any CPU.Build.0 = Release|Any CPU
		{C0B6AFBC-6AF8-47F0-8410-0B2FD8537FDA}.Debug|Any CPU.ActiveCfg = Debug|Any CPU
		{C0B6AFBC-6AF8-47F0-8410-0B2FD8537FDA}.Debug|Any CPU.Build.0 = Debug|Any CPU
		{C0B6AFBC-6AF8-47F0-8410-0B2FD8537FDA}.Release|Any CPU.ActiveCfg = Release|Any CPU
		{C0B6AFBC-6AF8-47F0-8410-0B2FD8537FDA}.Release|Any CPU.Build.0 = Release|Any CPU
		{82599C32-4779-4B8C-A984-7418E9DC092E}.Debug|Any CPU.ActiveCfg = Debug|Any CPU
		{82599C32-4779-4B8C-A984-7418E9DC092E}.Debug|Any CPU.Build.0 = Debug|Any CPU
		{82599C32-4779-4B8C-A984-7418E9DC092E}.Release|Any CPU.ActiveCfg = Release|Any CPU
		{82599C32-4779-4B8C-A984-7418E9DC092E}.Release|Any CPU.Build.0 = Release|Any CPU
		{67986325-C418-43E8-A4A0-3C588A478C58}.Debug|Any CPU.ActiveCfg = Debug|Any CPU
		{67986325-C418-43E8-A4A0-3C588A478C58}.Debug|Any CPU.Build.0 = Debug|Any CPU
		{67986325-C418-43E8-A4A0-3C588A478C58}.Release|Any CPU.ActiveCfg = Release|Any CPU
		{67986325-C418-43E8-A4A0-3C588A478C58}.Release|Any CPU.Build.0 = Release|Any CPU
	EndGlobalSection
	GlobalSection(SolutionProperties) = preSolution
		HideSolutionNode = FALSE
	EndGlobalSection
	GlobalSection(ExtensibilityGlobals) = postSolution
		SolutionGuid = {7E29593C-55CB-47B0-AFF0-8926A952CE5A}
	EndGlobalSection
EndGlobal
